
Microsoft Visual Studio Solution File, Format Version 12.00
# Visual Studio Version 16
VisualStudioVersion = 16.0.31321.278
MinimumVisualStudioVersion = 10.0.40219.1
Project("{FAE04EC0-301F-11D3-BF4B-00C04F79EFBC}") = "AITE", "AITE\AITE.csproj", "{EBEB550A-998C-44E1-A22C-6EB206FD38FB}"
EndProject
Project("{FAE04EC0-301F-11D3-BF4B-00C04F79EFBC}") = "ID3Tag", "ID3Tag\ID3Tag.csproj", "{CF94E1EC-89CF-4363-A4AD-370B71A1058E}"
EndProject
Project("{FAE04EC0-301F-11D3-BF4B-00C04F79EFBC}") = "TestProject", "TestProject\TestProject.csproj", "{E5198140-71DD-49DC-A042-9B1A474AE8C2}"
EndProject
Project("{FAE04EC0-301F-11D3-BF4B-00C04F79EFBC}") = "Base", "Base\Base.csproj", "{1827041E-F551-42C3-B9A1-5E3241FA759A}"
EndProject
Project("{FAE04EC0-301F-11D3-BF4B-00C04F79EFBC}") = "GUI", "GUI\GUI.csproj", "{BCA6064D-67BE-41CD-8ADC-D3CD1666C5B1}"
EndProject
Project("{FAE04EC0-301F-11D3-BF4B-00C04F79EFBC}") = "ASLV", "ASLV\ASLV.csproj", "{2E0F2E08-87D5-4BE6-B88A-EB36CEDBC5B8}"
EndProject
Project("{2150E333-8FDC-42A3-9474-1A3956D46DE8}") = "Solution Items", "Solution Items", "{C6E4753A-F6B5-451D-A4F3-C846B9DDC55B}"
	ProjectSection(SolutionItems) = preProject
		ChangeLog.txt = ChangeLog.txt
	EndProjectSection
EndProject
Project("{FAE04EC0-301F-11D3-BF4B-00C04F79EFBC}") = "MLV", "MLV\MLV.csproj", "{CB876583-D5F9-4398-B399-FBE6D4AA8A51}"
EndProject
Project("{FAE04EC0-301F-11D3-BF4B-00C04F79EFBC}") = "MTC", "MTC\MTC.csproj", "{F496C3FC-ACD2-4B39-8747-FDB8B67739BC}"
EndProject
Project("{FAE04EC0-301F-11D3-BF4B-00C04F79EFBC}") = "ASMP", "ASMP\ASMP.csproj", "{26170BC5-B2C0-4B36-ACD5-CBA634B52174}"
EndProject
Project("{FAE04EC0-301F-11D3-BF4B-00C04F79EFBC}") = "Formats", "Formats\Formats.csproj", "{980C8603-F470-4856-8284-BE449EB2F9C4}"
EndProject
Global
	GlobalSection(SolutionConfigurationPlatforms) = preSolution
		Debug|Any CPU = Debug|Any CPU
		Debug|Mixed Platforms = Debug|Mixed Platforms
		Debug|x64 = Debug|x64
		Debug|x86 = Debug|x86
		Release X64|Any CPU = Release X64|Any CPU
		Release X64|Mixed Platforms = Release X64|Mixed Platforms
		Release X64|x64 = Release X64|x64
		Release X64|x86 = Release X64|x86
		Release X86|Any CPU = Release X86|Any CPU
		Release X86|Mixed Platforms = Release X86|Mixed Platforms
		Release X86|x64 = Release X86|x64
		Release X86|x86 = Release X86|x86
		Release|Any CPU = Release|Any CPU
		Release|Mixed Platforms = Release|Mixed Platforms
		Release|x64 = Release|x64
		Release|x86 = Release|x86
		x64|Any CPU = x64|Any CPU
		x64|Mixed Platforms = x64|Mixed Platforms
		x64|x64 = x64|x64
		x64|x86 = x64|x86
		x86|Any CPU = x86|Any CPU
		x86|Mixed Platforms = x86|Mixed Platforms
		x86|x64 = x86|x64
		x86|x86 = x86|x86
	EndGlobalSection
	GlobalSection(ProjectConfigurationPlatforms) = postSolution
		{EBEB550A-998C-44E1-A22C-6EB206FD38FB}.Debug|Any CPU.ActiveCfg = Debug|Any CPU
		{EBEB550A-998C-44E1-A22C-6EB206FD38FB}.Debug|Any CPU.Build.0 = Debug|Any CPU
		{EBEB550A-998C-44E1-A22C-6EB206FD38FB}.Debug|Mixed Platforms.ActiveCfg = Debug|Any CPU
		{EBEB550A-998C-44E1-A22C-6EB206FD38FB}.Debug|Mixed Platforms.Build.0 = Debug|Any CPU
		{EBEB550A-998C-44E1-A22C-6EB206FD38FB}.Debug|x64.ActiveCfg = Debug|Any CPU
		{EBEB550A-998C-44E1-A22C-6EB206FD38FB}.Debug|x86.ActiveCfg = Debug|x86
		{EBEB550A-998C-44E1-A22C-6EB206FD38FB}.Debug|x86.Build.0 = Debug|x86
		{EBEB550A-998C-44E1-A22C-6EB206FD38FB}.Release X64|Any CPU.ActiveCfg = Release|Any CPU
		{EBEB550A-998C-44E1-A22C-6EB206FD38FB}.Release X64|Any CPU.Build.0 = Release|Any CPU
		{EBEB550A-998C-44E1-A22C-6EB206FD38FB}.Release X64|Mixed Platforms.ActiveCfg = Release|x86
		{EBEB550A-998C-44E1-A22C-6EB206FD38FB}.Release X64|Mixed Platforms.Build.0 = Release|x86
		{EBEB550A-998C-44E1-A22C-6EB206FD38FB}.Release X64|x64.ActiveCfg = Release|Any CPU
		{EBEB550A-998C-44E1-A22C-6EB206FD38FB}.Release X64|x86.ActiveCfg = Release|x86
		{EBEB550A-998C-44E1-A22C-6EB206FD38FB}.Release X64|x86.Build.0 = Release|x86
		{EBEB550A-998C-44E1-A22C-6EB206FD38FB}.Release X86|Any CPU.ActiveCfg = Release|Any CPU
		{EBEB550A-998C-44E1-A22C-6EB206FD38FB}.Release X86|Any CPU.Build.0 = Release|Any CPU
		{EBEB550A-998C-44E1-A22C-6EB206FD38FB}.Release X86|Mixed Platforms.ActiveCfg = Release|x86
		{EBEB550A-998C-44E1-A22C-6EB206FD38FB}.Release X86|Mixed Platforms.Build.0 = Release|x86
		{EBEB550A-998C-44E1-A22C-6EB206FD38FB}.Release X86|x64.ActiveCfg = Release|Any CPU
		{EBEB550A-998C-44E1-A22C-6EB206FD38FB}.Release X86|x86.ActiveCfg = Release|x86
		{EBEB550A-998C-44E1-A22C-6EB206FD38FB}.Release X86|x86.Build.0 = Release|x86
		{EBEB550A-998C-44E1-A22C-6EB206FD38FB}.Release|Any CPU.ActiveCfg = Release|Any CPU
		{EBEB550A-998C-44E1-A22C-6EB206FD38FB}.Release|Any CPU.Build.0 = Release|Any CPU
		{EBEB550A-998C-44E1-A22C-6EB206FD38FB}.Release|Mixed Platforms.ActiveCfg = Release|Any CPU
		{EBEB550A-998C-44E1-A22C-6EB206FD38FB}.Release|Mixed Platforms.Build.0 = Release|Any CPU
		{EBEB550A-998C-44E1-A22C-6EB206FD38FB}.Release|x64.ActiveCfg = Release|Any CPU
		{EBEB550A-998C-44E1-A22C-6EB206FD38FB}.Release|x86.ActiveCfg = Release|x86
		{EBEB550A-998C-44E1-A22C-6EB206FD38FB}.Release|x86.Build.0 = Release|x86
		{EBEB550A-998C-44E1-A22C-6EB206FD38FB}.x64|Any CPU.ActiveCfg = x86|Any CPU
		{EBEB550A-998C-44E1-A22C-6EB206FD38FB}.x64|Any CPU.Build.0 = x86|Any CPU
		{EBEB550A-998C-44E1-A22C-6EB206FD38FB}.x64|Mixed Platforms.ActiveCfg = x86|x86
		{EBEB550A-998C-44E1-A22C-6EB206FD38FB}.x64|Mixed Platforms.Build.0 = x86|x86
		{EBEB550A-998C-44E1-A22C-6EB206FD38FB}.x64|x64.ActiveCfg = x86|Any CPU
		{EBEB550A-998C-44E1-A22C-6EB206FD38FB}.x64|x86.ActiveCfg = x86|x86
		{EBEB550A-998C-44E1-A22C-6EB206FD38FB}.x64|x86.Build.0 = x86|x86
		{EBEB550A-998C-44E1-A22C-6EB206FD38FB}.x86|Any CPU.ActiveCfg = x86|Any CPU
		{EBEB550A-998C-44E1-A22C-6EB206FD38FB}.x86|Any CPU.Build.0 = x86|Any CPU
		{EBEB550A-998C-44E1-A22C-6EB206FD38FB}.x86|Mixed Platforms.ActiveCfg = x86|Any CPU
		{EBEB550A-998C-44E1-A22C-6EB206FD38FB}.x86|Mixed Platforms.Build.0 = x86|Any CPU
		{EBEB550A-998C-44E1-A22C-6EB206FD38FB}.x86|x64.ActiveCfg = x86|Any CPU
		{EBEB550A-998C-44E1-A22C-6EB206FD38FB}.x86|x86.ActiveCfg = x86|x86
		{EBEB550A-998C-44E1-A22C-6EB206FD38FB}.x86|x86.Build.0 = x86|x86
		{CF94E1EC-89CF-4363-A4AD-370B71A1058E}.Debug|Any CPU.ActiveCfg = Debug|Any CPU
		{CF94E1EC-89CF-4363-A4AD-370B71A1058E}.Debug|Any CPU.Build.0 = Debug|Any CPU
		{CF94E1EC-89CF-4363-A4AD-370B71A1058E}.Debug|Mixed Platforms.ActiveCfg = Debug|Any CPU
		{CF94E1EC-89CF-4363-A4AD-370B71A1058E}.Debug|Mixed Platforms.Build.0 = Debug|Any CPU
		{CF94E1EC-89CF-4363-A4AD-370B71A1058E}.Debug|x64.ActiveCfg = Debug|Any CPU
		{CF94E1EC-89CF-4363-A4AD-370B71A1058E}.Debug|x86.ActiveCfg = Debug|x86
		{CF94E1EC-89CF-4363-A4AD-370B71A1058E}.Debug|x86.Build.0 = Debug|x86
		{CF94E1EC-89CF-4363-A4AD-370B71A1058E}.Release X64|Any CPU.ActiveCfg = Release|Any CPU
		{CF94E1EC-89CF-4363-A4AD-370B71A1058E}.Release X64|Any CPU.Build.0 = Release|Any CPU
		{CF94E1EC-89CF-4363-A4AD-370B71A1058E}.Release X64|Mixed Platforms.ActiveCfg = Release|x86
		{CF94E1EC-89CF-4363-A4AD-370B71A1058E}.Release X64|Mixed Platforms.Build.0 = Release|x86
		{CF94E1EC-89CF-4363-A4AD-370B71A1058E}.Release X64|x64.ActiveCfg = Release|Any CPU
		{CF94E1EC-89CF-4363-A4AD-370B71A1058E}.Release X64|x86.ActiveCfg = Release|x86
		{CF94E1EC-89CF-4363-A4AD-370B71A1058E}.Release X64|x86.Build.0 = Release|x86
		{CF94E1EC-89CF-4363-A4AD-370B71A1058E}.Release X86|Any CPU.ActiveCfg = Release|Any CPU
		{CF94E1EC-89CF-4363-A4AD-370B71A1058E}.Release X86|Any CPU.Build.0 = Release|Any CPU
		{CF94E1EC-89CF-4363-A4AD-370B71A1058E}.Release X86|Mixed Platforms.ActiveCfg = Release|x86
		{CF94E1EC-89CF-4363-A4AD-370B71A1058E}.Release X86|Mixed Platforms.Build.0 = Release|x86
		{CF94E1EC-89CF-4363-A4AD-370B71A1058E}.Release X86|x64.ActiveCfg = Release|Any CPU
		{CF94E1EC-89CF-4363-A4AD-370B71A1058E}.Release X86|x86.ActiveCfg = Release|x86
		{CF94E1EC-89CF-4363-A4AD-370B71A1058E}.Release X86|x86.Build.0 = Release|x86
		{CF94E1EC-89CF-4363-A4AD-370B71A1058E}.Release|Any CPU.ActiveCfg = Release|Any CPU
		{CF94E1EC-89CF-4363-A4AD-370B71A1058E}.Release|Any CPU.Build.0 = Release|Any CPU
		{CF94E1EC-89CF-4363-A4AD-370B71A1058E}.Release|Mixed Platforms.ActiveCfg = Release|Any CPU
		{CF94E1EC-89CF-4363-A4AD-370B71A1058E}.Release|Mixed Platforms.Build.0 = Release|Any CPU
		{CF94E1EC-89CF-4363-A4AD-370B71A1058E}.Release|x64.ActiveCfg = Release|Any CPU
		{CF94E1EC-89CF-4363-A4AD-370B71A1058E}.Release|x86.ActiveCfg = Release|x86
		{CF94E1EC-89CF-4363-A4AD-370B71A1058E}.Release|x86.Build.0 = Release|x86
		{CF94E1EC-89CF-4363-A4AD-370B71A1058E}.x64|Any CPU.ActiveCfg = x86|Any CPU
		{CF94E1EC-89CF-4363-A4AD-370B71A1058E}.x64|Any CPU.Build.0 = x86|Any CPU
		{CF94E1EC-89CF-4363-A4AD-370B71A1058E}.x64|Mixed Platforms.ActiveCfg = x86|x86
		{CF94E1EC-89CF-4363-A4AD-370B71A1058E}.x64|Mixed Platforms.Build.0 = x86|x86
		{CF94E1EC-89CF-4363-A4AD-370B71A1058E}.x64|x64.ActiveCfg = x86|Any CPU
		{CF94E1EC-89CF-4363-A4AD-370B71A1058E}.x64|x86.ActiveCfg = x86|x86
		{CF94E1EC-89CF-4363-A4AD-370B71A1058E}.x64|x86.Build.0 = x86|x86
		{CF94E1EC-89CF-4363-A4AD-370B71A1058E}.x86|Any CPU.ActiveCfg = x86|Any CPU
		{CF94E1EC-89CF-4363-A4AD-370B71A1058E}.x86|Any CPU.Build.0 = x86|Any CPU
		{CF94E1EC-89CF-4363-A4AD-370B71A1058E}.x86|Mixed Platforms.ActiveCfg = x86|Any CPU
		{CF94E1EC-89CF-4363-A4AD-370B71A1058E}.x86|Mixed Platforms.Build.0 = x86|Any CPU
		{CF94E1EC-89CF-4363-A4AD-370B71A1058E}.x86|x64.ActiveCfg = x86|Any CPU
		{CF94E1EC-89CF-4363-A4AD-370B71A1058E}.x86|x86.ActiveCfg = x86|x86
		{CF94E1EC-89CF-4363-A4AD-370B71A1058E}.x86|x86.Build.0 = x86|x86
		{E5198140-71DD-49DC-A042-9B1A474AE8C2}.Debug|Any CPU.ActiveCfg = Debug|Any CPU
		{E5198140-71DD-49DC-A042-9B1A474AE8C2}.Debug|Any CPU.Build.0 = Debug|Any CPU
		{E5198140-71DD-49DC-A042-9B1A474AE8C2}.Debug|Mixed Platforms.ActiveCfg = Debug|Any CPU
		{E5198140-71DD-49DC-A042-9B1A474AE8C2}.Debug|Mixed Platforms.Build.0 = Debug|Any CPU
		{E5198140-71DD-49DC-A042-9B1A474AE8C2}.Debug|x64.ActiveCfg = Debug|Any CPU
		{E5198140-71DD-49DC-A042-9B1A474AE8C2}.Debug|x86.ActiveCfg = Debug|x86
		{E5198140-71DD-49DC-A042-9B1A474AE8C2}.Debug|x86.Build.0 = Debug|x86
		{E5198140-71DD-49DC-A042-9B1A474AE8C2}.Release X64|Any CPU.ActiveCfg = Release|Any CPU
		{E5198140-71DD-49DC-A042-9B1A474AE8C2}.Release X64|Any CPU.Build.0 = Release|Any CPU
		{E5198140-71DD-49DC-A042-9B1A474AE8C2}.Release X64|Mixed Platforms.ActiveCfg = Release|x86
		{E5198140-71DD-49DC-A042-9B1A474AE8C2}.Release X64|Mixed Platforms.Build.0 = Release|x86
		{E5198140-71DD-49DC-A042-9B1A474AE8C2}.Release X64|x64.ActiveCfg = Release|Any CPU
		{E5198140-71DD-49DC-A042-9B1A474AE8C2}.Release X64|x86.ActiveCfg = Release|x86
		{E5198140-71DD-49DC-A042-9B1A474AE8C2}.Release X64|x86.Build.0 = Release|x86
		{E5198140-71DD-49DC-A042-9B1A474AE8C2}.Release X86|Any CPU.ActiveCfg = Release|Any CPU
		{E5198140-71DD-49DC-A042-9B1A474AE8C2}.Release X86|Any CPU.Build.0 = Release|Any CPU
		{E5198140-71DD-49DC-A042-9B1A474AE8C2}.Release X86|Mixed Platforms.ActiveCfg = Release|x86
		{E5198140-71DD-49DC-A042-9B1A474AE8C2}.Release X86|Mixed Platforms.Build.0 = Release|x86
		{E5198140-71DD-49DC-A042-9B1A474AE8C2}.Release X86|x64.ActiveCfg = Release|Any CPU
		{E5198140-71DD-49DC-A042-9B1A474AE8C2}.Release X86|x86.ActiveCfg = Release|x86
		{E5198140-71DD-49DC-A042-9B1A474AE8C2}.Release X86|x86.Build.0 = Release|x86
		{E5198140-71DD-49DC-A042-9B1A474AE8C2}.Release|Any CPU.ActiveCfg = Release|Any CPU
		{E5198140-71DD-49DC-A042-9B1A474AE8C2}.Release|Any CPU.Build.0 = Release|Any CPU
		{E5198140-71DD-49DC-A042-9B1A474AE8C2}.Release|Mixed Platforms.ActiveCfg = Release|Any CPU
		{E5198140-71DD-49DC-A042-9B1A474AE8C2}.Release|Mixed Platforms.Build.0 = Release|Any CPU
		{E5198140-71DD-49DC-A042-9B1A474AE8C2}.Release|x64.ActiveCfg = Release|Any CPU
		{E5198140-71DD-49DC-A042-9B1A474AE8C2}.Release|x86.ActiveCfg = Release|x86
		{E5198140-71DD-49DC-A042-9B1A474AE8C2}.Release|x86.Build.0 = Release|x86
		{E5198140-71DD-49DC-A042-9B1A474AE8C2}.x64|Any CPU.ActiveCfg = x86|Any CPU
		{E5198140-71DD-49DC-A042-9B1A474AE8C2}.x64|Any CPU.Build.0 = x86|Any CPU
		{E5198140-71DD-49DC-A042-9B1A474AE8C2}.x64|Mixed Platforms.ActiveCfg = x86|x86
		{E5198140-71DD-49DC-A042-9B1A474AE8C2}.x64|Mixed Platforms.Build.0 = x86|x86
		{E5198140-71DD-49DC-A042-9B1A474AE8C2}.x64|x64.ActiveCfg = x86|Any CPU
		{E5198140-71DD-49DC-A042-9B1A474AE8C2}.x64|x86.ActiveCfg = x86|x86
		{E5198140-71DD-49DC-A042-9B1A474AE8C2}.x64|x86.Build.0 = x86|x86
		{E5198140-71DD-49DC-A042-9B1A474AE8C2}.x86|Any CPU.ActiveCfg = x86|Any CPU
		{E5198140-71DD-49DC-A042-9B1A474AE8C2}.x86|Any CPU.Build.0 = x86|Any CPU
		{E5198140-71DD-49DC-A042-9B1A474AE8C2}.x86|Mixed Platforms.ActiveCfg = x86|Any CPU
		{E5198140-71DD-49DC-A042-9B1A474AE8C2}.x86|Mixed Platforms.Build.0 = x86|Any CPU
		{E5198140-71DD-49DC-A042-9B1A474AE8C2}.x86|x64.ActiveCfg = x86|Any CPU
		{E5198140-71DD-49DC-A042-9B1A474AE8C2}.x86|x86.ActiveCfg = x86|x86
		{E5198140-71DD-49DC-A042-9B1A474AE8C2}.x86|x86.Build.0 = x86|x86
		{1827041E-F551-42C3-B9A1-5E3241FA759A}.Debug|Any CPU.ActiveCfg = Debug|Any CPU
		{1827041E-F551-42C3-B9A1-5E3241FA759A}.Debug|Any CPU.Build.0 = Debug|Any CPU
		{1827041E-F551-42C3-B9A1-5E3241FA759A}.Debug|Mixed Platforms.ActiveCfg = Debug|Any CPU
		{1827041E-F551-42C3-B9A1-5E3241FA759A}.Debug|Mixed Platforms.Build.0 = Debug|Any CPU
		{1827041E-F551-42C3-B9A1-5E3241FA759A}.Debug|x64.ActiveCfg = Debug|Any CPU
		{1827041E-F551-42C3-B9A1-5E3241FA759A}.Debug|x86.ActiveCfg = Debug|x86
		{1827041E-F551-42C3-B9A1-5E3241FA759A}.Debug|x86.Build.0 = Debug|x86
		{1827041E-F551-42C3-B9A1-5E3241FA759A}.Release X64|Any CPU.ActiveCfg = Release|Any CPU
		{1827041E-F551-42C3-B9A1-5E3241FA759A}.Release X64|Any CPU.Build.0 = Release|Any CPU
		{1827041E-F551-42C3-B9A1-5E3241FA759A}.Release X64|Mixed Platforms.ActiveCfg = Release|x86
		{1827041E-F551-42C3-B9A1-5E3241FA759A}.Release X64|Mixed Platforms.Build.0 = Release|x86
		{1827041E-F551-42C3-B9A1-5E3241FA759A}.Release X64|x64.ActiveCfg = Release|Any CPU
		{1827041E-F551-42C3-B9A1-5E3241FA759A}.Release X64|x86.ActiveCfg = Release|x86
		{1827041E-F551-42C3-B9A1-5E3241FA759A}.Release X64|x86.Build.0 = Release|x86
		{1827041E-F551-42C3-B9A1-5E3241FA759A}.Release X86|Any CPU.ActiveCfg = Release|Any CPU
		{1827041E-F551-42C3-B9A1-5E3241FA759A}.Release X86|Any CPU.Build.0 = Release|Any CPU
		{1827041E-F551-42C3-B9A1-5E3241FA759A}.Release X86|Mixed Platforms.ActiveCfg = Release|x86
		{1827041E-F551-42C3-B9A1-5E3241FA759A}.Release X86|Mixed Platforms.Build.0 = Release|x86
		{1827041E-F551-42C3-B9A1-5E3241FA759A}.Release X86|x64.ActiveCfg = Release|Any CPU
		{1827041E-F551-42C3-B9A1-5E3241FA759A}.Release X86|x86.ActiveCfg = Release|x86
		{1827041E-F551-42C3-B9A1-5E3241FA759A}.Release X86|x86.Build.0 = Release|x86
		{1827041E-F551-42C3-B9A1-5E3241FA759A}.Release|Any CPU.ActiveCfg = Release|Any CPU
		{1827041E-F551-42C3-B9A1-5E3241FA759A}.Release|Any CPU.Build.0 = Release|Any CPU
		{1827041E-F551-42C3-B9A1-5E3241FA759A}.Release|Mixed Platforms.ActiveCfg = Release|Any CPU
		{1827041E-F551-42C3-B9A1-5E3241FA759A}.Release|Mixed Platforms.Build.0 = Release|Any CPU
		{1827041E-F551-42C3-B9A1-5E3241FA759A}.Release|x64.ActiveCfg = Release|Any CPU
		{1827041E-F551-42C3-B9A1-5E3241FA759A}.Release|x86.ActiveCfg = Release|x86
		{1827041E-F551-42C3-B9A1-5E3241FA759A}.Release|x86.Build.0 = Release|x86
		{1827041E-F551-42C3-B9A1-5E3241FA759A}.x64|Any CPU.ActiveCfg = x86|Any CPU
		{1827041E-F551-42C3-B9A1-5E3241FA759A}.x64|Any CPU.Build.0 = x86|Any CPU
		{1827041E-F551-42C3-B9A1-5E3241FA759A}.x64|Mixed Platforms.ActiveCfg = x86|x86
		{1827041E-F551-42C3-B9A1-5E3241FA759A}.x64|Mixed Platforms.Build.0 = x86|x86
		{1827041E-F551-42C3-B9A1-5E3241FA759A}.x64|x64.ActiveCfg = x86|Any CPU
		{1827041E-F551-42C3-B9A1-5E3241FA759A}.x64|x86.ActiveCfg = x86|x86
		{1827041E-F551-42C3-B9A1-5E3241FA759A}.x64|x86.Build.0 = x86|x86
		{1827041E-F551-42C3-B9A1-5E3241FA759A}.x86|Any CPU.ActiveCfg = x86|Any CPU
		{1827041E-F551-42C3-B9A1-5E3241FA759A}.x86|Any CPU.Build.0 = x86|Any CPU
		{1827041E-F551-42C3-B9A1-5E3241FA759A}.x86|Mixed Platforms.ActiveCfg = x86|Any CPU
		{1827041E-F551-42C3-B9A1-5E3241FA759A}.x86|Mixed Platforms.Build.0 = x86|Any CPU
		{1827041E-F551-42C3-B9A1-5E3241FA759A}.x86|x64.ActiveCfg = x86|Any CPU
		{1827041E-F551-42C3-B9A1-5E3241FA759A}.x86|x86.ActiveCfg = x86|x86
		{1827041E-F551-42C3-B9A1-5E3241FA759A}.x86|x86.Build.0 = x86|x86
		{BCA6064D-67BE-41CD-8ADC-D3CD1666C5B1}.Debug|Any CPU.ActiveCfg = Debug|Any CPU
		{BCA6064D-67BE-41CD-8ADC-D3CD1666C5B1}.Debug|Any CPU.Build.0 = Debug|Any CPU
		{BCA6064D-67BE-41CD-8ADC-D3CD1666C5B1}.Debug|Mixed Platforms.ActiveCfg = Debug|Any CPU
		{BCA6064D-67BE-41CD-8ADC-D3CD1666C5B1}.Debug|Mixed Platforms.Build.0 = Debug|Any CPU
		{BCA6064D-67BE-41CD-8ADC-D3CD1666C5B1}.Debug|x64.ActiveCfg = Debug|Any CPU
		{BCA6064D-67BE-41CD-8ADC-D3CD1666C5B1}.Debug|x86.ActiveCfg = Debug|x86
		{BCA6064D-67BE-41CD-8ADC-D3CD1666C5B1}.Debug|x86.Build.0 = Debug|x86
		{BCA6064D-67BE-41CD-8ADC-D3CD1666C5B1}.Release X64|Any CPU.ActiveCfg = Release|Any CPU
		{BCA6064D-67BE-41CD-8ADC-D3CD1666C5B1}.Release X64|Any CPU.Build.0 = Release|Any CPU
		{BCA6064D-67BE-41CD-8ADC-D3CD1666C5B1}.Release X64|Mixed Platforms.ActiveCfg = Release|x86
		{BCA6064D-67BE-41CD-8ADC-D3CD1666C5B1}.Release X64|Mixed Platforms.Build.0 = Release|x86
		{BCA6064D-67BE-41CD-8ADC-D3CD1666C5B1}.Release X64|x64.ActiveCfg = Release|Any CPU
		{BCA6064D-67BE-41CD-8ADC-D3CD1666C5B1}.Release X64|x86.ActiveCfg = Release|x86
		{BCA6064D-67BE-41CD-8ADC-D3CD1666C5B1}.Release X64|x86.Build.0 = Release|x86
		{BCA6064D-67BE-41CD-8ADC-D3CD1666C5B1}.Release X86|Any CPU.ActiveCfg = Release|Any CPU
		{BCA6064D-67BE-41CD-8ADC-D3CD1666C5B1}.Release X86|Any CPU.Build.0 = Release|Any CPU
		{BCA6064D-67BE-41CD-8ADC-D3CD1666C5B1}.Release X86|Mixed Platforms.ActiveCfg = Release|x86
		{BCA6064D-67BE-41CD-8ADC-D3CD1666C5B1}.Release X86|Mixed Platforms.Build.0 = Release|x86
		{BCA6064D-67BE-41CD-8ADC-D3CD1666C5B1}.Release X86|x64.ActiveCfg = Release|Any CPU
		{BCA6064D-67BE-41CD-8ADC-D3CD1666C5B1}.Release X86|x86.ActiveCfg = Release|x86
		{BCA6064D-67BE-41CD-8ADC-D3CD1666C5B1}.Release X86|x86.Build.0 = Release|x86
		{BCA6064D-67BE-41CD-8ADC-D3CD1666C5B1}.Release|Any CPU.ActiveCfg = Release|Any CPU
		{BCA6064D-67BE-41CD-8ADC-D3CD1666C5B1}.Release|Any CPU.Build.0 = Release|Any CPU
		{BCA6064D-67BE-41CD-8ADC-D3CD1666C5B1}.Release|Mixed Platforms.ActiveCfg = Release|Any CPU
		{BCA6064D-67BE-41CD-8ADC-D3CD1666C5B1}.Release|Mixed Platforms.Build.0 = Release|Any CPU
		{BCA6064D-67BE-41CD-8ADC-D3CD1666C5B1}.Release|x64.ActiveCfg = Release|Any CPU
		{BCA6064D-67BE-41CD-8ADC-D3CD1666C5B1}.Release|x86.ActiveCfg = Release|x86
		{BCA6064D-67BE-41CD-8ADC-D3CD1666C5B1}.Release|x86.Build.0 = Release|x86
		{BCA6064D-67BE-41CD-8ADC-D3CD1666C5B1}.x64|Any CPU.ActiveCfg = x86|Any CPU
		{BCA6064D-67BE-41CD-8ADC-D3CD1666C5B1}.x64|Any CPU.Build.0 = x86|Any CPU
		{BCA6064D-67BE-41CD-8ADC-D3CD1666C5B1}.x64|Mixed Platforms.ActiveCfg = x86|x86
		{BCA6064D-67BE-41CD-8ADC-D3CD1666C5B1}.x64|Mixed Platforms.Build.0 = x86|x86
		{BCA6064D-67BE-41CD-8ADC-D3CD1666C5B1}.x64|x64.ActiveCfg = x86|Any CPU
		{BCA6064D-67BE-41CD-8ADC-D3CD1666C5B1}.x64|x86.ActiveCfg = x86|x86
		{BCA6064D-67BE-41CD-8ADC-D3CD1666C5B1}.x64|x86.Build.0 = x86|x86
		{BCA6064D-67BE-41CD-8ADC-D3CD1666C5B1}.x86|Any CPU.ActiveCfg = x86|Any CPU
		{BCA6064D-67BE-41CD-8ADC-D3CD1666C5B1}.x86|Any CPU.Build.0 = x86|Any CPU
		{BCA6064D-67BE-41CD-8ADC-D3CD1666C5B1}.x86|Mixed Platforms.ActiveCfg = x86|Any CPU
		{BCA6064D-67BE-41CD-8ADC-D3CD1666C5B1}.x86|Mixed Platforms.Build.0 = x86|Any CPU
		{BCA6064D-67BE-41CD-8ADC-D3CD1666C5B1}.x86|x64.ActiveCfg = x86|Any CPU
		{BCA6064D-67BE-41CD-8ADC-D3CD1666C5B1}.x86|x86.ActiveCfg = x86|x86
		{BCA6064D-67BE-41CD-8ADC-D3CD1666C5B1}.x86|x86.Build.0 = x86|x86
		{2E0F2E08-87D5-4BE6-B88A-EB36CEDBC5B8}.Debug|Any CPU.ActiveCfg = Debug|Any CPU
		{2E0F2E08-87D5-4BE6-B88A-EB36CEDBC5B8}.Debug|Any CPU.Build.0 = Debug|Any CPU
		{2E0F2E08-87D5-4BE6-B88A-EB36CEDBC5B8}.Debug|Mixed Platforms.ActiveCfg = Debug|Any CPU
		{2E0F2E08-87D5-4BE6-B88A-EB36CEDBC5B8}.Debug|Mixed Platforms.Build.0 = Debug|Any CPU
		{2E0F2E08-87D5-4BE6-B88A-EB36CEDBC5B8}.Debug|x64.ActiveCfg = Debug|Any CPU
		{2E0F2E08-87D5-4BE6-B88A-EB36CEDBC5B8}.Debug|x86.ActiveCfg = Debug|x86
		{2E0F2E08-87D5-4BE6-B88A-EB36CEDBC5B8}.Debug|x86.Build.0 = Debug|x86
		{2E0F2E08-87D5-4BE6-B88A-EB36CEDBC5B8}.Release X64|Any CPU.ActiveCfg = Release|Any CPU
		{2E0F2E08-87D5-4BE6-B88A-EB36CEDBC5B8}.Release X64|Any CPU.Build.0 = Release|Any CPU
		{2E0F2E08-87D5-4BE6-B88A-EB36CEDBC5B8}.Release X64|Mixed Platforms.ActiveCfg = Release|x86
		{2E0F2E08-87D5-4BE6-B88A-EB36CEDBC5B8}.Release X64|Mixed Platforms.Build.0 = Release|x86
		{2E0F2E08-87D5-4BE6-B88A-EB36CEDBC5B8}.Release X64|x64.ActiveCfg = Release|Any CPU
		{2E0F2E08-87D5-4BE6-B88A-EB36CEDBC5B8}.Release X64|x86.ActiveCfg = Release|x86
		{2E0F2E08-87D5-4BE6-B88A-EB36CEDBC5B8}.Release X64|x86.Build.0 = Release|x86
		{2E0F2E08-87D5-4BE6-B88A-EB36CEDBC5B8}.Release X86|Any CPU.ActiveCfg = Release|Any CPU
		{2E0F2E08-87D5-4BE6-B88A-EB36CEDBC5B8}.Release X86|Any CPU.Build.0 = Release|Any CPU
		{2E0F2E08-87D5-4BE6-B88A-EB36CEDBC5B8}.Release X86|Mixed Platforms.ActiveCfg = Release|x86
		{2E0F2E08-87D5-4BE6-B88A-EB36CEDBC5B8}.Release X86|Mixed Platforms.Build.0 = Release|x86
		{2E0F2E08-87D5-4BE6-B88A-EB36CEDBC5B8}.Release X86|x64.ActiveCfg = Release|Any CPU
		{2E0F2E08-87D5-4BE6-B88A-EB36CEDBC5B8}.Release X86|x86.ActiveCfg = Release|x86
		{2E0F2E08-87D5-4BE6-B88A-EB36CEDBC5B8}.Release X86|x86.Build.0 = Release|x86
		{2E0F2E08-87D5-4BE6-B88A-EB36CEDBC5B8}.Release|Any CPU.ActiveCfg = Release|Any CPU
		{2E0F2E08-87D5-4BE6-B88A-EB36CEDBC5B8}.Release|Any CPU.Build.0 = Release|Any CPU
		{2E0F2E08-87D5-4BE6-B88A-EB36CEDBC5B8}.Release|Mixed Platforms.ActiveCfg = Release|Any CPU
		{2E0F2E08-87D5-4BE6-B88A-EB36CEDBC5B8}.Release|Mixed Platforms.Build.0 = Release|Any CPU
		{2E0F2E08-87D5-4BE6-B88A-EB36CEDBC5B8}.Release|x64.ActiveCfg = Release|Any CPU
		{2E0F2E08-87D5-4BE6-B88A-EB36CEDBC5B8}.Release|x86.ActiveCfg = Release|x86
		{2E0F2E08-87D5-4BE6-B88A-EB36CEDBC5B8}.Release|x86.Build.0 = Release|x86
		{2E0F2E08-87D5-4BE6-B88A-EB36CEDBC5B8}.x64|Any CPU.ActiveCfg = x86|Any CPU
		{2E0F2E08-87D5-4BE6-B88A-EB36CEDBC5B8}.x64|Any CPU.Build.0 = x86|Any CPU
		{2E0F2E08-87D5-4BE6-B88A-EB36CEDBC5B8}.x64|Mixed Platforms.ActiveCfg = x86|x86
		{2E0F2E08-87D5-4BE6-B88A-EB36CEDBC5B8}.x64|Mixed Platforms.Build.0 = x86|x86
		{2E0F2E08-87D5-4BE6-B88A-EB36CEDBC5B8}.x64|x64.ActiveCfg = x86|Any CPU
		{2E0F2E08-87D5-4BE6-B88A-EB36CEDBC5B8}.x64|x86.ActiveCfg = x86|x86
		{2E0F2E08-87D5-4BE6-B88A-EB36CEDBC5B8}.x64|x86.Build.0 = x86|x86
		{2E0F2E08-87D5-4BE6-B88A-EB36CEDBC5B8}.x86|Any CPU.ActiveCfg = x86|Any CPU
		{2E0F2E08-87D5-4BE6-B88A-EB36CEDBC5B8}.x86|Any CPU.Build.0 = x86|Any CPU
		{2E0F2E08-87D5-4BE6-B88A-EB36CEDBC5B8}.x86|Mixed Platforms.ActiveCfg = x86|Any CPU
		{2E0F2E08-87D5-4BE6-B88A-EB36CEDBC5B8}.x86|Mixed Platforms.Build.0 = x86|Any CPU
		{2E0F2E08-87D5-4BE6-B88A-EB36CEDBC5B8}.x86|x64.ActiveCfg = x86|Any CPU
		{2E0F2E08-87D5-4BE6-B88A-EB36CEDBC5B8}.x86|x86.ActiveCfg = x86|x86
		{2E0F2E08-87D5-4BE6-B88A-EB36CEDBC5B8}.x86|x86.Build.0 = x86|x86
		{CB876583-D5F9-4398-B399-FBE6D4AA8A51}.Debug|Any CPU.ActiveCfg = Debug|Any CPU
		{CB876583-D5F9-4398-B399-FBE6D4AA8A51}.Debug|Any CPU.Build.0 = Debug|Any CPU
		{CB876583-D5F9-4398-B399-FBE6D4AA8A51}.Debug|Mixed Platforms.ActiveCfg = Debug|x86
		{CB876583-D5F9-4398-B399-FBE6D4AA8A51}.Debug|Mixed Platforms.Build.0 = Debug|x86
		{CB876583-D5F9-4398-B399-FBE6D4AA8A51}.Debug|x64.ActiveCfg = Debug|x64
		{CB876583-D5F9-4398-B399-FBE6D4AA8A51}.Debug|x64.Build.0 = Debug|x64
		{CB876583-D5F9-4398-B399-FBE6D4AA8A51}.Debug|x86.ActiveCfg = Debug|x86
		{CB876583-D5F9-4398-B399-FBE6D4AA8A51}.Debug|x86.Build.0 = Debug|x86
		{CB876583-D5F9-4398-B399-FBE6D4AA8A51}.Release X64|Any CPU.ActiveCfg = Release X64|Any CPU
		{CB876583-D5F9-4398-B399-FBE6D4AA8A51}.Release X64|Any CPU.Build.0 = Release X64|Any CPU
		{CB876583-D5F9-4398-B399-FBE6D4AA8A51}.Release X64|Mixed Platforms.ActiveCfg = Release X64|x86
		{CB876583-D5F9-4398-B399-FBE6D4AA8A51}.Release X64|Mixed Platforms.Build.0 = Release X64|x86
		{CB876583-D5F9-4398-B399-FBE6D4AA8A51}.Release X64|x64.ActiveCfg = Release X64|x64
		{CB876583-D5F9-4398-B399-FBE6D4AA8A51}.Release X64|x64.Build.0 = Release X64|x64
		{CB876583-D5F9-4398-B399-FBE6D4AA8A51}.Release X64|x86.ActiveCfg = Release X64|x86
		{CB876583-D5F9-4398-B399-FBE6D4AA8A51}.Release X64|x86.Build.0 = Release X64|x86
		{CB876583-D5F9-4398-B399-FBE6D4AA8A51}.Release X86|Any CPU.ActiveCfg = Release X86|Any CPU
		{CB876583-D5F9-4398-B399-FBE6D4AA8A51}.Release X86|Any CPU.Build.0 = Release X86|Any CPU
		{CB876583-D5F9-4398-B399-FBE6D4AA8A51}.Release X86|Mixed Platforms.ActiveCfg = Release X86|x86
		{CB876583-D5F9-4398-B399-FBE6D4AA8A51}.Release X86|Mixed Platforms.Build.0 = Release X86|x86
		{CB876583-D5F9-4398-B399-FBE6D4AA8A51}.Release X86|x64.ActiveCfg = Release X86|x64
		{CB876583-D5F9-4398-B399-FBE6D4AA8A51}.Release X86|x64.Build.0 = Release X86|x64
		{CB876583-D5F9-4398-B399-FBE6D4AA8A51}.Release X86|x86.ActiveCfg = Release X86|x86
		{CB876583-D5F9-4398-B399-FBE6D4AA8A51}.Release X86|x86.Build.0 = Release X86|x86
		{CB876583-D5F9-4398-B399-FBE6D4AA8A51}.Release|Any CPU.ActiveCfg = Release|Any CPU
		{CB876583-D5F9-4398-B399-FBE6D4AA8A51}.Release|Any CPU.Build.0 = Release|Any CPU
		{CB876583-D5F9-4398-B399-FBE6D4AA8A51}.Release|Mixed Platforms.ActiveCfg = Release|x86
		{CB876583-D5F9-4398-B399-FBE6D4AA8A51}.Release|Mixed Platforms.Build.0 = Release|x86
		{CB876583-D5F9-4398-B399-FBE6D4AA8A51}.Release|x64.ActiveCfg = Release|x64
		{CB876583-D5F9-4398-B399-FBE6D4AA8A51}.Release|x64.Build.0 = Release|x64
		{CB876583-D5F9-4398-B399-FBE6D4AA8A51}.Release|x86.ActiveCfg = Release|x86
		{CB876583-D5F9-4398-B399-FBE6D4AA8A51}.Release|x86.Build.0 = Release|x86
		{CB876583-D5F9-4398-B399-FBE6D4AA8A51}.x64|Any CPU.ActiveCfg = x64|Any CPU
		{CB876583-D5F9-4398-B399-FBE6D4AA8A51}.x64|Any CPU.Build.0 = x64|Any CPU
		{CB876583-D5F9-4398-B399-FBE6D4AA8A51}.x64|Mixed Platforms.ActiveCfg = x64|x86
		{CB876583-D5F9-4398-B399-FBE6D4AA8A51}.x64|Mixed Platforms.Build.0 = x64|x86
		{CB876583-D5F9-4398-B399-FBE6D4AA8A51}.x64|x64.ActiveCfg = x64|x64
		{CB876583-D5F9-4398-B399-FBE6D4AA8A51}.x64|x64.Build.0 = x64|x64
		{CB876583-D5F9-4398-B399-FBE6D4AA8A51}.x64|x86.ActiveCfg = x64|x86
		{CB876583-D5F9-4398-B399-FBE6D4AA8A51}.x64|x86.Build.0 = x64|x86
		{CB876583-D5F9-4398-B399-FBE6D4AA8A51}.x86|Any CPU.ActiveCfg = x86|Any CPU
		{CB876583-D5F9-4398-B399-FBE6D4AA8A51}.x86|Any CPU.Build.0 = x86|Any CPU
		{CB876583-D5F9-4398-B399-FBE6D4AA8A51}.x86|Mixed Platforms.ActiveCfg = x86|x86
		{CB876583-D5F9-4398-B399-FBE6D4AA8A51}.x86|Mixed Platforms.Build.0 = x86|x86
		{CB876583-D5F9-4398-B399-FBE6D4AA8A51}.x86|x64.ActiveCfg = x86|x64
		{CB876583-D5F9-4398-B399-FBE6D4AA8A51}.x86|x64.Build.0 = x86|x64
		{CB876583-D5F9-4398-B399-FBE6D4AA8A51}.x86|x86.ActiveCfg = x86|x86
		{CB876583-D5F9-4398-B399-FBE6D4AA8A51}.x86|x86.Build.0 = x86|x86
		{F496C3FC-ACD2-4B39-8747-FDB8B67739BC}.Debug|Any CPU.ActiveCfg = Debug|Any CPU
		{F496C3FC-ACD2-4B39-8747-FDB8B67739BC}.Debug|Any CPU.Build.0 = Debug|Any CPU
		{F496C3FC-ACD2-4B39-8747-FDB8B67739BC}.Debug|Mixed Platforms.ActiveCfg = Debug|x86
		{F496C3FC-ACD2-4B39-8747-FDB8B67739BC}.Debug|Mixed Platforms.Build.0 = Debug|x86
		{F496C3FC-ACD2-4B39-8747-FDB8B67739BC}.Debug|x64.ActiveCfg = Debug|x64
		{F496C3FC-ACD2-4B39-8747-FDB8B67739BC}.Debug|x64.Build.0 = Debug|x64
		{F496C3FC-ACD2-4B39-8747-FDB8B67739BC}.Debug|x86.ActiveCfg = Debug|x86
		{F496C3FC-ACD2-4B39-8747-FDB8B67739BC}.Debug|x86.Build.0 = Debug|x86
		{F496C3FC-ACD2-4B39-8747-FDB8B67739BC}.Release X64|Any CPU.ActiveCfg = Release|Any CPU
		{F496C3FC-ACD2-4B39-8747-FDB8B67739BC}.Release X64|Any CPU.Build.0 = Release|Any CPU
		{F496C3FC-ACD2-4B39-8747-FDB8B67739BC}.Release X64|Mixed Platforms.ActiveCfg = Release|x86
		{F496C3FC-ACD2-4B39-8747-FDB8B67739BC}.Release X64|Mixed Platforms.Build.0 = Release|x86
		{F496C3FC-ACD2-4B39-8747-FDB8B67739BC}.Release X64|x64.ActiveCfg = Release|x64
		{F496C3FC-ACD2-4B39-8747-FDB8B67739BC}.Release X64|x64.Build.0 = Release|x64
		{F496C3FC-ACD2-4B39-8747-FDB8B67739BC}.Release X64|x86.ActiveCfg = Release|x86
		{F496C3FC-ACD2-4B39-8747-FDB8B67739BC}.Release X64|x86.Build.0 = Release|x86
		{F496C3FC-ACD2-4B39-8747-FDB8B67739BC}.Release X86|Any CPU.ActiveCfg = Release|Any CPU
		{F496C3FC-ACD2-4B39-8747-FDB8B67739BC}.Release X86|Any CPU.Build.0 = Release|Any CPU
		{F496C3FC-ACD2-4B39-8747-FDB8B67739BC}.Release X86|Mixed Platforms.ActiveCfg = Release|x86
		{F496C3FC-ACD2-4B39-8747-FDB8B67739BC}.Release X86|Mixed Platforms.Build.0 = Release|x86
		{F496C3FC-ACD2-4B39-8747-FDB8B67739BC}.Release X86|x64.ActiveCfg = Release|x64
		{F496C3FC-ACD2-4B39-8747-FDB8B67739BC}.Release X86|x64.Build.0 = Release|x64
		{F496C3FC-ACD2-4B39-8747-FDB8B67739BC}.Release X86|x86.ActiveCfg = Release|x86
		{F496C3FC-ACD2-4B39-8747-FDB8B67739BC}.Release X86|x86.Build.0 = Release|x86
		{F496C3FC-ACD2-4B39-8747-FDB8B67739BC}.Release|Any CPU.ActiveCfg = Release|Any CPU
		{F496C3FC-ACD2-4B39-8747-FDB8B67739BC}.Release|Any CPU.Build.0 = Release|Any CPU
		{F496C3FC-ACD2-4B39-8747-FDB8B67739BC}.Release|Mixed Platforms.ActiveCfg = Release|x86
		{F496C3FC-ACD2-4B39-8747-FDB8B67739BC}.Release|Mixed Platforms.Build.0 = Release|x86
		{F496C3FC-ACD2-4B39-8747-FDB8B67739BC}.Release|x64.ActiveCfg = Release|x64
		{F496C3FC-ACD2-4B39-8747-FDB8B67739BC}.Release|x64.Build.0 = Release|x64
		{F496C3FC-ACD2-4B39-8747-FDB8B67739BC}.Release|x86.ActiveCfg = Release|x86
		{F496C3FC-ACD2-4B39-8747-FDB8B67739BC}.Release|x86.Build.0 = Release|x86
		{F496C3FC-ACD2-4B39-8747-FDB8B67739BC}.x64|Any CPU.ActiveCfg = Release|Any CPU
		{F496C3FC-ACD2-4B39-8747-FDB8B67739BC}.x64|Any CPU.Build.0 = Release|Any CPU
		{F496C3FC-ACD2-4B39-8747-FDB8B67739BC}.x64|Mixed Platforms.ActiveCfg = Release|x86
		{F496C3FC-ACD2-4B39-8747-FDB8B67739BC}.x64|Mixed Platforms.Build.0 = Release|x86
		{F496C3FC-ACD2-4B39-8747-FDB8B67739BC}.x64|x64.ActiveCfg = Release|x64
		{F496C3FC-ACD2-4B39-8747-FDB8B67739BC}.x64|x64.Build.0 = Release|x64
		{F496C3FC-ACD2-4B39-8747-FDB8B67739BC}.x64|x86.ActiveCfg = Release|x86
		{F496C3FC-ACD2-4B39-8747-FDB8B67739BC}.x64|x86.Build.0 = Release|x86
		{F496C3FC-ACD2-4B39-8747-FDB8B67739BC}.x86|Any CPU.ActiveCfg = Release|Any CPU
		{F496C3FC-ACD2-4B39-8747-FDB8B67739BC}.x86|Any CPU.Build.0 = Release|Any CPU
		{F496C3FC-ACD2-4B39-8747-FDB8B67739BC}.x86|Mixed Platforms.ActiveCfg = Release|x86
		{F496C3FC-ACD2-4B39-8747-FDB8B67739BC}.x86|Mixed Platforms.Build.0 = Release|x86
		{F496C3FC-ACD2-4B39-8747-FDB8B67739BC}.x86|x64.ActiveCfg = Release|x64
		{F496C3FC-ACD2-4B39-8747-FDB8B67739BC}.x86|x64.Build.0 = Release|x64
		{F496C3FC-ACD2-4B39-8747-FDB8B67739BC}.x86|x86.ActiveCfg = Release|x86
		{F496C3FC-ACD2-4B39-8747-FDB8B67739BC}.x86|x86.Build.0 = Release|x86
		{26170BC5-B2C0-4B36-ACD5-CBA634B52174}.Debug|Any CPU.ActiveCfg = Debug|Any CPU
		{26170BC5-B2C0-4B36-ACD5-CBA634B52174}.Debug|Any CPU.Build.0 = Debug|Any CPU
		{26170BC5-B2C0-4B36-ACD5-CBA634B52174}.Debug|Mixed Platforms.ActiveCfg = Debug|x86
		{26170BC5-B2C0-4B36-ACD5-CBA634B52174}.Debug|Mixed Platforms.Build.0 = Debug|x86
		{26170BC5-B2C0-4B36-ACD5-CBA634B52174}.Debug|x64.ActiveCfg = Debug|Any CPU
		{26170BC5-B2C0-4B36-ACD5-CBA634B52174}.Debug|x64.Build.0 = Debug|Any CPU
		{26170BC5-B2C0-4B36-ACD5-CBA634B52174}.Debug|x86.ActiveCfg = Debug|x86
		{26170BC5-B2C0-4B36-ACD5-CBA634B52174}.Debug|x86.Build.0 = Debug|x86
		{26170BC5-B2C0-4B36-ACD5-CBA634B52174}.Release X64|Any CPU.ActiveCfg = Release|Any CPU
		{26170BC5-B2C0-4B36-ACD5-CBA634B52174}.Release X64|Any CPU.Build.0 = Release|Any CPU
		{26170BC5-B2C0-4B36-ACD5-CBA634B52174}.Release X64|Mixed Platforms.ActiveCfg = Release|x86
		{26170BC5-B2C0-4B36-ACD5-CBA634B52174}.Release X64|Mixed Platforms.Build.0 = Release|x86
		{26170BC5-B2C0-4B36-ACD5-CBA634B52174}.Release X64|x64.ActiveCfg = Release|Any CPU
		{26170BC5-B2C0-4B36-ACD5-CBA634B52174}.Release X64|x64.Build.0 = Release|Any CPU
		{26170BC5-B2C0-4B36-ACD5-CBA634B52174}.Release X64|x86.ActiveCfg = Release|x86
		{26170BC5-B2C0-4B36-ACD5-CBA634B52174}.Release X64|x86.Build.0 = Release|x86
		{26170BC5-B2C0-4B36-ACD5-CBA634B52174}.Release X86|Any CPU.ActiveCfg = Release|Any CPU
		{26170BC5-B2C0-4B36-ACD5-CBA634B52174}.Release X86|Any CPU.Build.0 = Release|Any CPU
		{26170BC5-B2C0-4B36-ACD5-CBA634B52174}.Release X86|Mixed Platforms.ActiveCfg = Release|x86
		{26170BC5-B2C0-4B36-ACD5-CBA634B52174}.Release X86|Mixed Platforms.Build.0 = Release|x86
		{26170BC5-B2C0-4B36-ACD5-CBA634B52174}.Release X86|x64.ActiveCfg = Release|Any CPU
		{26170BC5-B2C0-4B36-ACD5-CBA634B52174}.Release X86|x64.Build.0 = Release|Any CPU
		{26170BC5-B2C0-4B36-ACD5-CBA634B52174}.Release X86|x86.ActiveCfg = Release|x86
		{26170BC5-B2C0-4B36-ACD5-CBA634B52174}.Release X86|x86.Build.0 = Release|x86
		{26170BC5-B2C0-4B36-ACD5-CBA634B52174}.Release|Any CPU.ActiveCfg = Release|Any CPU
		{26170BC5-B2C0-4B36-ACD5-CBA634B52174}.Release|Any CPU.Build.0 = Release|Any CPU
		{26170BC5-B2C0-4B36-ACD5-CBA634B52174}.Release|Mixed Platforms.ActiveCfg = Release|x86
		{26170BC5-B2C0-4B36-ACD5-CBA634B52174}.Release|Mixed Platforms.Build.0 = Release|x86
		{26170BC5-B2C0-4B36-ACD5-CBA634B52174}.Release|x64.ActiveCfg = Release|Any CPU
		{26170BC5-B2C0-4B36-ACD5-CBA634B52174}.Release|x64.Build.0 = Release|Any CPU
		{26170BC5-B2C0-4B36-ACD5-CBA634B52174}.Release|x86.ActiveCfg = Release|x86
		{26170BC5-B2C0-4B36-ACD5-CBA634B52174}.Release|x86.Build.0 = Release|x86
		{26170BC5-B2C0-4B36-ACD5-CBA634B52174}.x64|Any CPU.ActiveCfg = x86|Any CPU
		{26170BC5-B2C0-4B36-ACD5-CBA634B52174}.x64|Any CPU.Build.0 = x86|Any CPU
		{26170BC5-B2C0-4B36-ACD5-CBA634B52174}.x64|Mixed Platforms.ActiveCfg = x86|x86
		{26170BC5-B2C0-4B36-ACD5-CBA634B52174}.x64|Mixed Platforms.Build.0 = x86|x86
		{26170BC5-B2C0-4B36-ACD5-CBA634B52174}.x64|x64.ActiveCfg = x86|Any CPU
		{26170BC5-B2C0-4B36-ACD5-CBA634B52174}.x64|x64.Build.0 = x86|Any CPU
		{26170BC5-B2C0-4B36-ACD5-CBA634B52174}.x64|x86.ActiveCfg = x86|x86
		{26170BC5-B2C0-4B36-ACD5-CBA634B52174}.x64|x86.Build.0 = x86|x86
		{26170BC5-B2C0-4B36-ACD5-CBA634B52174}.x86|Any CPU.ActiveCfg = x86|Any CPU
		{26170BC5-B2C0-4B36-ACD5-CBA634B52174}.x86|Any CPU.Build.0 = x86|Any CPU
		{26170BC5-B2C0-4B36-ACD5-CBA634B52174}.x86|Mixed Platforms.ActiveCfg = x86|x86
		{26170BC5-B2C0-4B36-ACD5-CBA634B52174}.x86|Mixed Platforms.Build.0 = x86|x86
		{26170BC5-B2C0-4B36-ACD5-CBA634B52174}.x86|x64.ActiveCfg = x86|Any CPU
		{26170BC5-B2C0-4B36-ACD5-CBA634B52174}.x86|x64.Build.0 = x86|Any CPU
		{26170BC5-B2C0-4B36-ACD5-CBA634B52174}.x86|x86.ActiveCfg = x86|x86
		{26170BC5-B2C0-4B36-ACD5-CBA634B52174}.x86|x86.Build.0 = x86|x86
		{980C8603-F470-4856-8284-BE449EB2F9C4}.Debug|Any CPU.ActiveCfg = Debug|Any CPU
		{980C8603-F470-4856-8284-BE449EB2F9C4}.Debug|Any CPU.Build.0 = Debug|Any CPU
		{980C8603-F470-4856-8284-BE449EB2F9C4}.Debug|Mixed Platforms.ActiveCfg = Debug|x86
		{980C8603-F470-4856-8284-BE449EB2F9C4}.Debug|Mixed Platforms.Build.0 = Debug|x86
		{980C8603-F470-4856-8284-BE449EB2F9C4}.Debug|x64.ActiveCfg = Debug|Any CPU
		{980C8603-F470-4856-8284-BE449EB2F9C4}.Debug|x64.Build.0 = Debug|Any CPU
		{980C8603-F470-4856-8284-BE449EB2F9C4}.Debug|x86.ActiveCfg = Debug|x86
		{980C8603-F470-4856-8284-BE449EB2F9C4}.Debug|x86.Build.0 = Debug|x86
		{980C8603-F470-4856-8284-BE449EB2F9C4}.Release X64|Any CPU.ActiveCfg = Release|Any CPU
		{980C8603-F470-4856-8284-BE449EB2F9C4}.Release X64|Any CPU.Build.0 = Release|Any CPU
		{980C8603-F470-4856-8284-BE449EB2F9C4}.Release X64|Mixed Platforms.ActiveCfg = Release|x86
		{980C8603-F470-4856-8284-BE449EB2F9C4}.Release X64|Mixed Platforms.Build.0 = Release|x86
		{980C8603-F470-4856-8284-BE449EB2F9C4}.Release X64|x64.ActiveCfg = Release|Any CPU
		{980C8603-F470-4856-8284-BE449EB2F9C4}.Release X64|x64.Build.0 = Release|Any CPU
		{980C8603-F470-4856-8284-BE449EB2F9C4}.Release X64|x86.ActiveCfg = Release|x86
		{980C8603-F470-4856-8284-BE449EB2F9C4}.Release X64|x86.Build.0 = Release|x86
		{980C8603-F470-4856-8284-BE449EB2F9C4}.Release X86|Any CPU.ActiveCfg = Release|Any CPU
		{980C8603-F470-4856-8284-BE449EB2F9C4}.Release X86|Any CPU.Build.0 = Release|Any CPU
		{980C8603-F470-4856-8284-BE449EB2F9C4}.Release X86|Mixed Platforms.ActiveCfg = Release|x86
		{980C8603-F470-4856-8284-BE449EB2F9C4}.Release X86|Mixed Platforms.Build.0 = Release|x86
		{980C8603-F470-4856-8284-BE449EB2F9C4}.Release X86|x64.ActiveCfg = Release|Any CPU
		{980C8603-F470-4856-8284-BE449EB2F9C4}.Release X86|x64.Build.0 = Release|Any CPU
		{980C8603-F470-4856-8284-BE449EB2F9C4}.Release X86|x86.ActiveCfg = Release|x86
		{980C8603-F470-4856-8284-BE449EB2F9C4}.Release X86|x86.Build.0 = Release|x86
		{980C8603-F470-4856-8284-BE449EB2F9C4}.Release|Any CPU.ActiveCfg = Release|Any CPU
		{980C8603-F470-4856-8284-BE449EB2F9C4}.Release|Any CPU.Build.0 = Release|Any CPU
		{980C8603-F470-4856-8284-BE449EB2F9C4}.Release|Mixed Platforms.ActiveCfg = Release|x86
		{980C8603-F470-4856-8284-BE449EB2F9C4}.Release|Mixed Platforms.Build.0 = Release|x86
		{980C8603-F470-4856-8284-BE449EB2F9C4}.Release|x64.ActiveCfg = Release|Any CPU
		{980C8603-F470-4856-8284-BE449EB2F9C4}.Release|x64.Build.0 = Release|Any CPU
		{980C8603-F470-4856-8284-BE449EB2F9C4}.Release|x86.ActiveCfg = Release|x86
		{980C8603-F470-4856-8284-BE449EB2F9C4}.Release|x86.Build.0 = Release|x86
		{980C8603-F470-4856-8284-BE449EB2F9C4}.x64|Any CPU.ActiveCfg = x86|Any CPU
		{980C8603-F470-4856-8284-BE449EB2F9C4}.x64|Any CPU.Build.0 = x86|Any CPU
		{980C8603-F470-4856-8284-BE449EB2F9C4}.x64|Mixed Platforms.ActiveCfg = x86|x86
		{980C8603-F470-4856-8284-BE449EB2F9C4}.x64|Mixed Platforms.Build.0 = x86|x86
		{980C8603-F470-4856-8284-BE449EB2F9C4}.x64|x64.ActiveCfg = x86|Any CPU
		{980C8603-F470-4856-8284-BE449EB2F9C4}.x64|x64.Build.0 = x86|Any CPU
		{980C8603-F470-4856-8284-BE449EB2F9C4}.x64|x86.ActiveCfg = x86|x86
		{980C8603-F470-4856-8284-BE449EB2F9C4}.x64|x86.Build.0 = x86|x86
		{980C8603-F470-4856-8284-BE449EB2F9C4}.x86|Any CPU.ActiveCfg = x86|Any CPU
		{980C8603-F470-4856-8284-BE449EB2F9C4}.x86|Any CPU.Build.0 = x86|Any CPU
		{980C8603-F470-4856-8284-BE449EB2F9C4}.x86|Mixed Platforms.ActiveCfg = x86|x86
		{980C8603-F470-4856-8284-BE449EB2F9C4}.x86|Mixed Platforms.Build.0 = x86|x86
		{980C8603-F470-4856-8284-BE449EB2F9C4}.x86|x64.ActiveCfg = x86|Any CPU
		{980C8603-F470-4856-8284-BE449EB2F9C4}.x86|x64.Build.0 = x86|Any CPU
		{980C8603-F470-4856-8284-BE449EB2F9C4}.x86|x86.ActiveCfg = x86|x86
		{980C8603-F470-4856-8284-BE449EB2F9C4}.x86|x86.Build.0 = x86|x86
	EndGlobalSection
	GlobalSection(SolutionProperties) = preSolution
		HideSolutionNode = FALSE
	EndGlobalSection
	GlobalSection(ExtensibilityGlobals) = postSolution
		SolutionGuid = {DAD49656-E76A-4B17-A363-B4A9B78BD1C8}
	EndGlobalSection
EndGlobal
